
Microsoft Visual Studio Solution File, Format Version 12.00
# Visual Studio Version 16
VisualStudioVersion = 16.0.31624.102
MinimumVisualStudioVersion = 10.0.40219.1
Project("{FAE04EC0-301F-11D3-BF4B-00C04F79EFBC}") = "Methoden", "Methoden\Methoden.csproj", "{37E60C49-2682-4CB1-9A81-323A7F1BC1DD}"
EndProject
Global
	GlobalSection(SolutionConfigurationPlatforms) = preSolution
		Debug|Any CPU = Debug|Any CPU
		Release|Any CPU = Release|Any CPU
	EndGlobalSection
	GlobalSection(ProjectConfigurationPlatforms) = postSolution
		{37E60C49-2682-4CB1-9A81-323A7F1BC1DD}.Debug|Any CPU.ActiveCfg = Debug|Any CPU
		{37E60C49-2682-4CB1-9A81-323A7F1BC1DD}.Debug|Any CPU.Build.0 = Debug|Any CPU
		{37E60C49-2682-4CB1-9A81-323A7F1BC1DD}.Release|Any CPU.ActiveCfg = Release|Any CPU
		{37E60C49-2682-4CB1-9A81-323A7F1BC1DD}.Release|Any CPU.Build.0 = Release|Any CPU
	EndGlobalSection
	GlobalSection(SolutionProperties) = preSolution
		HideSolutionNode = FALSE
	EndGlobalSection
	GlobalSection(ExtensibilityGlobals) = postSolution
		SolutionGuid = {35837E9D-3EA8-4397-B272-DE4B403FAF82}
	EndGlobalSection
EndGlobal
